// !$*UTF8*$!
{
	archiveVersion = 1;
	classes = {
	};
	objectVersion = 50;
	objects = {

/* Begin PBXBuildFile section */
		61206AA424AB0AFB00936C92 /* SampleCell2.swift in Sources */ = {isa = PBXBuildFile; fileRef = 61206AA224AB0AFB00936C92 /* SampleCell2.swift */; };
		61206AA524AB0AFB00936C92 /* SampleCell2.xib in Resources */ = {isa = PBXBuildFile; fileRef = 61206AA324AB0AFB00936C92 /* SampleCell2.xib */; };
		61680CB924A48DD400BAD0F0 /* AppDelegate.swift in Sources */ = {isa = PBXBuildFile; fileRef = 61680CB824A48DD400BAD0F0 /* AppDelegate.swift */; };
		61680CBB24A48DD400BAD0F0 /* SceneDelegate.swift in Sources */ = {isa = PBXBuildFile; fileRef = 61680CBA24A48DD400BAD0F0 /* SceneDelegate.swift */; };
		61680CBD24A48DD400BAD0F0 /* ViewController.swift in Sources */ = {isa = PBXBuildFile; fileRef = 61680CBC24A48DD400BAD0F0 /* ViewController.swift */; };
		61680CC024A48DD400BAD0F0 /* Main.storyboard in Resources */ = {isa = PBXBuildFile; fileRef = 61680CBE24A48DD400BAD0F0 /* Main.storyboard */; };
		61680CC224A48DD700BAD0F0 /* Assets.xcassets in Resources */ = {isa = PBXBuildFile; fileRef = 61680CC124A48DD700BAD0F0 /* Assets.xcassets */; };
		61680CC524A48DD700BAD0F0 /* LaunchScreen.storyboard in Resources */ = {isa = PBXBuildFile; fileRef = 61680CC324A48DD700BAD0F0 /* LaunchScreen.storyboard */; };
		61680CD024A48DD700BAD0F0 /* SystemLayoutSizeFittingSampleTests.swift in Sources */ = {isa = PBXBuildFile; fileRef = 61680CCF24A48DD700BAD0F0 /* SystemLayoutSizeFittingSampleTests.swift */; };
		61680D3824A48F8300BAD0F0 /* SampleCell.swift in Sources */ = {isa = PBXBuildFile; fileRef = 61680D3624A48F8300BAD0F0 /* SampleCell.swift */; };
		61680D3924A48F8300BAD0F0 /* SampleCell.xib in Resources */ = {isa = PBXBuildFile; fileRef = 61680D3724A48F8300BAD0F0 /* SampleCell.xib */; };
/* End PBXBuildFile section */

/* Begin PBXContainerItemProxy section */
		61680CCC24A48DD700BAD0F0 /* PBXContainerItemProxy */ = {
			isa = PBXContainerItemProxy;
			containerPortal = 61680CAD24A48DD400BAD0F0 /* Project object */;
			proxyType = 1;
			remoteGlobalIDString = 61680CB424A48DD400BAD0F0;
			remoteInfo = SystemLayoutSizeFittingSample;
		};
/* End PBXContainerItemProxy section */

/* Begin PBXFileReference section */
		61206AA224AB0AFB00936C92 /* SampleCell2.swift */ = {isa = PBXFileReference; lastKnownFileType = sourcecode.swift; path = SampleCell2.swift; sourceTree = "<group>"; };
		61206AA324AB0AFB00936C92 /* SampleCell2.xib */ = {isa = PBXFileReference; lastKnownFileType = file.xib; path = SampleCell2.xib; sourceTree = "<group>"; };
		61680CB524A48DD400BAD0F0 /* SystemLayoutSizeFittingSample.app */ = {isa = PBXFileReference; explicitFileType = wrapper.application; includeInIndex = 0; path = SystemLayoutSizeFittingSample.app; sourceTree = BUILT_PRODUCTS_DIR; };
		61680CB824A48DD400BAD0F0 /* AppDelegate.swift */ = {isa = PBXFileReference; lastKnownFileType = sourcecode.swift; path = AppDelegate.swift; sourceTree = "<group>"; };
		61680CBA24A48DD400BAD0F0 /* SceneDelegate.swift */ = {isa = PBXFileReference; lastKnownFileType = sourcecode.swift; path = SceneDelegate.swift; sourceTree = "<group>"; };
		61680CBC24A48DD400BAD0F0 /* ViewController.swift */ = {isa = PBXFileReference; lastKnownFileType = sourcecode.swift; path = ViewController.swift; sourceTree = "<group>"; };
		61680CBF24A48DD400BAD0F0 /* Base */ = {isa = PBXFileReference; lastKnownFileType = file.storyboard; name = Base; path = Base.lproj/Main.storyboard; sourceTree = "<group>"; };
		61680CC124A48DD700BAD0F0 /* Assets.xcassets */ = {isa = PBXFileReference; lastKnownFileType = folder.assetcatalog; path = Assets.xcassets; sourceTree = "<group>"; };
		61680CC424A48DD700BAD0F0 /* Base */ = {isa = PBXFileReference; lastKnownFileType = file.storyboard; name = Base; path = Base.lproj/LaunchScreen.storyboard; sourceTree = "<group>"; };
		61680CC624A48DD700BAD0F0 /* Info.plist */ = {isa = PBXFileReference; lastKnownFileType = text.plist.xml; path = Info.plist; sourceTree = "<group>"; };
		61680CCB24A48DD700BAD0F0 /* SystemLayoutSizeFittingSampleTests.xctest */ = {isa = PBXFileReference; explicitFileType = wrapper.cfbundle; includeInIndex = 0; path = SystemLayoutSizeFittingSampleTests.xctest; sourceTree = BUILT_PRODUCTS_DIR; };
		61680CCF24A48DD700BAD0F0 /* SystemLayoutSizeFittingSampleTests.swift */ = {isa = PBXFileReference; lastKnownFileType = sourcecode.swift; path = SystemLayoutSizeFittingSampleTests.swift; sourceTree = "<group>"; };
		61680CD124A48DD700BAD0F0 /* Info.plist */ = {isa = PBXFileReference; lastKnownFileType = text.plist.xml; path = Info.plist; sourceTree = "<group>"; };
		61680D3624A48F8300BAD0F0 /* SampleCell.swift */ = {isa = PBXFileReference; lastKnownFileType = sourcecode.swift; path = SampleCell.swift; sourceTree = "<group>"; };
		61680D3724A48F8300BAD0F0 /* SampleCell.xib */ = {isa = PBXFileReference; lastKnownFileType = file.xib; path = SampleCell.xib; sourceTree = "<group>"; };
/* End PBXFileReference section */

/* Begin PBXFrameworksBuildPhase section */
		61680CB224A48DD400BAD0F0 /* Frameworks */ = {
			isa = PBXFrameworksBuildPhase;
			buildActionMask = 2147483647;
			files = (
			);
			runOnlyForDeploymentPostprocessing = 0;
		};
		61680CC824A48DD700BAD0F0 /* Frameworks */ = {
			isa = PBXFrameworksBuildPhase;
			buildActionMask = 2147483647;
			files = (
			);
			runOnlyForDeploymentPostprocessing = 0;
		};
/* End PBXFrameworksBuildPhase section */

/* Begin PBXGroup section */
		61680CAC24A48DD400BAD0F0 = {
			isa = PBXGroup;
			children = (
				61680CB724A48DD400BAD0F0 /* SystemLayoutSizeFittingSample */,
				61680CCE24A48DD700BAD0F0 /* SystemLayoutSizeFittingSampleTests */,
				61680CB624A48DD400BAD0F0 /* Products */,
			);
			sourceTree = "<group>";
		};
		61680CB624A48DD400BAD0F0 /* Products */ = {
			isa = PBXGroup;
			children = (
				61680CB524A48DD400BAD0F0 /* SystemLayoutSizeFittingSample.app */,
				61680CCB24A48DD700BAD0F0 /* SystemLayoutSizeFittingSampleTests.xctest */,
			);
			name = Products;
			sourceTree = "<group>";
		};
		61680CB724A48DD400BAD0F0 /* SystemLayoutSizeFittingSample */ = {
			isa = PBXGroup;
			children = (
				61680CB824A48DD400BAD0F0 /* AppDelegate.swift */,
				61680CBA24A48DD400BAD0F0 /* SceneDelegate.swift */,
				61680CBC24A48DD400BAD0F0 /* ViewController.swift */,
				61680CBE24A48DD400BAD0F0 /* Main.storyboard */,
				61680CC124A48DD700BAD0F0 /* Assets.xcassets */,
				61680CC324A48DD700BAD0F0 /* LaunchScreen.storyboard */,
				61680CC624A48DD700BAD0F0 /* Info.plist */,
				61680D3624A48F8300BAD0F0 /* SampleCell.swift */,
				61680D3724A48F8300BAD0F0 /* SampleCell.xib */,
				61206AA224AB0AFB00936C92 /* SampleCell2.swift */,
				61206AA324AB0AFB00936C92 /* SampleCell2.xib */,
			);
			path = SystemLayoutSizeFittingSample;
			sourceTree = "<group>";
		};
		61680CCE24A48DD700BAD0F0 /* SystemLayoutSizeFittingSampleTests */ = {
			isa = PBXGroup;
			children = (
				61680CCF24A48DD700BAD0F0 /* SystemLayoutSizeFittingSampleTests.swift */,
				61680CD124A48DD700BAD0F0 /* Info.plist */,
			);
			path = SystemLayoutSizeFittingSampleTests;
			sourceTree = "<group>";
		};
/* End PBXGroup section */

/* Begin PBXNativeTarget section */
		61680CB424A48DD400BAD0F0 /* SystemLayoutSizeFittingSample */ = {
			isa = PBXNativeTarget;
			buildConfigurationList = 61680CD424A48DD700BAD0F0 /* Build configuration list for PBXNativeTarget "SystemLayoutSizeFittingSample" */;
			buildPhases = (
				61680CB124A48DD400BAD0F0 /* Sources */,
				61680CB224A48DD400BAD0F0 /* Frameworks */,
				61680CB324A48DD400BAD0F0 /* Resources */,
			);
			buildRules = (
			);
			dependencies = (
			);
			name = SystemLayoutSizeFittingSample;
			productName = SystemLayoutSizeFittingSample;
			productReference = 61680CB524A48DD400BAD0F0 /* SystemLayoutSizeFittingSample.app */;
			productType = "com.apple.product-type.application";
		};
		61680CCA24A48DD700BAD0F0 /* SystemLayoutSizeFittingSampleTests */ = {
			isa = PBXNativeTarget;
			buildConfigurationList = 61680CD724A48DD700BAD0F0 /* Build configuration list for PBXNativeTarget "SystemLayoutSizeFittingSampleTests" */;
			buildPhases = (
				61680CC724A48DD700BAD0F0 /* Sources */,
				61680CC824A48DD700BAD0F0 /* Frameworks */,
				61680CC924A48DD700BAD0F0 /* Resources */,
			);
			buildRules = (
			);
			dependencies = (
				61680CCD24A48DD700BAD0F0 /* PBXTargetDependency */,
			);
			name = SystemLayoutSizeFittingSampleTests;
			productName = SystemLayoutSizeFittingSampleTests;
			productReference = 61680CCB24A48DD700BAD0F0 /* SystemLayoutSizeFittingSampleTests.xctest */;
			productType = "com.apple.product-type.bundle.unit-test";
		};
/* End PBXNativeTarget section */

/* Begin PBXProject section */
		61680CAD24A48DD400BAD0F0 /* Project object */ = {
			isa = PBXProject;
			attributes = {
				LastSwiftUpdateCheck = 1140;
				LastUpgradeCheck = 1140;
				ORGANIZATIONNAME = dev.aoyama;
				TargetAttributes = {
					61680CB424A48DD400BAD0F0 = {
						CreatedOnToolsVersion = 11.4;
					};
					61680CCA24A48DD700BAD0F0 = {
						CreatedOnToolsVersion = 11.4;
						TestTargetID = 61680CB424A48DD400BAD0F0;
					};
				};
			};
			buildConfigurationList = 61680CB024A48DD400BAD0F0 /* Build configuration list for PBXProject "SystemLayoutSizeFittingSample" */;
			compatibilityVersion = "Xcode 9.3";
			developmentRegion = en;
			hasScannedForEncodings = 0;
			knownRegions = (
				en,
				Base,
			);
			mainGroup = 61680CAC24A48DD400BAD0F0;
			productRefGroup = 61680CB624A48DD400BAD0F0 /* Products */;
			projectDirPath = "";
			projectRoot = "";
			targets = (
				61680CB424A48DD400BAD0F0 /* SystemLayoutSizeFittingSample */,
				61680CCA24A48DD700BAD0F0 /* SystemLayoutSizeFittingSampleTests */,
			);
		};
/* End PBXProject section */

/* Begin PBXResourcesBuildPhase section */
		61680CB324A48DD400BAD0F0 /* Resources */ = {
			isa = PBXResourcesBuildPhase;
			buildActionMask = 2147483647;
			files = (
				61206AA524AB0AFB00936C92 /* SampleCell2.xib in Resources */,
				61680CC524A48DD700BAD0F0 /* LaunchScreen.storyboard in Resources */,
				61680D3924A48F8300BAD0F0 /* SampleCell.xib in Resources */,
				61680CC224A48DD700BAD0F0 /* Assets.xcassets in Resources */,
				61680CC024A48DD400BAD0F0 /* Main.storyboard in Resources */,
			);
			runOnlyForDeploymentPostprocessing = 0;
		};
		61680CC924A48DD700BAD0F0 /* Resources */ = {
			isa = PBXResourcesBuildPhase;
			buildActionMask = 2147483647;
			files = (
			);
			runOnlyForDeploymentPostprocessing = 0;
		};
/* End PBXResourcesBuildPhase section */

/* Begin PBXSourcesBuildPhase section */
		61680CB124A48DD400BAD0F0 /* Sources */ = {
			isa = PBXSourcesBuildPhase;
			buildActionMask = 2147483647;
			files = (
				61680CBD24A48DD400BAD0F0 /* ViewController.swift in Sources */,
				61680D3824A48F8300BAD0F0 /* SampleCell.swift in Sources */,
				61680CB924A48DD400BAD0F0 /* AppDelegate.swift in Sources */,
				61680CBB24A48DD400BAD0F0 /* SceneDelegate.swift in Sources */,
				61206AA424AB0AFB00936C92 /* SampleCell2.swift in Sources */,
			);
			runOnlyForDeploymentPostprocessing = 0;
		};
		61680CC724A48DD700BAD0F0 /* Sources */ = {
			isa = PBXSourcesBuildPhase;
			buildActionMask = 2147483647;
			files = (
				61680CD024A48DD700BAD0F0 /* SystemLayoutSizeFittingSampleTests.swift in Sources */,
			);
			runOnlyForDeploymentPostprocessing = 0;
		};
/* End PBXSourcesBuildPhase section */

/* Begin PBXTargetDependency section */
		61680CCD24A48DD700BAD0F0 /* PBXTargetDependency */ = {
			isa = PBXTargetDependency;
			target = 61680CB424A48DD400BAD0F0 /* SystemLayoutSizeFittingSample */;
			targetProxy = 61680CCC24A48DD700BAD0F0 /* PBXContainerItemProxy */;
		};
/* End PBXTargetDependency section */

/* Begin PBXVariantGroup section */
		61680CBE24A48DD400BAD0F0 /* Main.storyboard */ = {
			isa = PBXVariantGroup;
			children = (
				61680CBF24A48DD400BAD0F0 /* Base */,
			);
			name = Main.storyboard;
			sourceTree = "<group>";
		};
		61680CC324A48DD700BAD0F0 /* LaunchScreen.storyboard */ = {
			isa = PBXVariantGroup;
			children = (
				61680CC424A48DD700BAD0F0 /* Base */,
			);
			name = LaunchScreen.storyboard;
			sourceTree = "<group>";
		};
/* End PBXVariantGroup section */

/* Begin XCBuildConfiguration section */
		61680CD224A48DD700BAD0F0 /* Debug */ = {
			isa = XCBuildConfiguration;
			buildSettings = {
				ALWAYS_SEARCH_USER_PATHS = NO;
				CLANG_ANALYZER_NONNULL = YES;
				CLANG_ANALYZER_NUMBER_OBJECT_CONVERSION = YES_AGGRESSIVE;
				CLANG_CXX_LANGUAGE_STANDARD = "gnu++14";
				CLANG_CXX_LIBRARY = "libc++";
				CLANG_ENABLE_MODULES = YES;
				CLANG_ENABLE_OBJC_ARC = YES;
				CLANG_ENABLE_OBJC_WEAK = YES;
				CLANG_WARN_BLOCK_CAPTURE_AUTORELEASING = YES;
				CLANG_WARN_BOOL_CONVERSION = YES;
				CLANG_WARN_COMMA = YES;
				CLANG_WARN_CONSTANT_CONVERSION = YES;
				CLANG_WARN_DEPRECATED_OBJC_IMPLEMENTATIONS = YES;
				CLANG_WARN_DIRECT_OBJC_ISA_USAGE = YES_ERROR;
				CLANG_WARN_DOCUMENTATION_COMMENTS = YES;
				CLANG_WARN_EMPTY_BODY = YES;
				CLANG_WARN_ENUM_CONVERSION = YES;
				CLANG_WARN_INFINITE_RECURSION = YES;
				CLANG_WARN_INT_CONVERSION = YES;
				CLANG_WARN_NON_LITERAL_NULL_CONVERSION = YES;
				CLANG_WARN_OBJC_IMPLICIT_RETAIN_SELF = YES;
				CLANG_WARN_OBJC_LITERAL_CONVERSION = YES;
				CLANG_WARN_OBJC_ROOT_CLASS = YES_ERROR;
				CLANG_WARN_RANGE_LOOP_ANALYSIS = YES;
				CLANG_WARN_STRICT_PROTOTYPES = YES;
				CLANG_WARN_SUSPICIOUS_MOVE = YES;
				CLANG_WARN_UNGUARDED_AVAILABILITY = YES_AGGRESSIVE;
				CLANG_WARN_UNREACHABLE_CODE = YES;
				CLANG_WARN__DUPLICATE_METHOD_MATCH = YES;
				COPY_PHASE_STRIP = NO;
				DEBUG_INFORMATION_FORMAT = dwarf;
				ENABLE_STRICT_OBJC_MSGSEND = YES;
				ENABLE_TESTABILITY = YES;
				GCC_C_LANGUAGE_STANDARD = gnu11;
				GCC_DYNAMIC_NO_PIC = NO;
				GCC_NO_COMMON_BLOCKS = YES;
				GCC_OPTIMIZATION_LEVEL = 0;
				GCC_PREPROCESSOR_DEFINITIONS = (
					"DEBUG=1",
					"$(inherited)",
				);
				GCC_WARN_64_TO_32_BIT_CONVERSION = YES;
				GCC_WARN_ABOUT_RETURN_TYPE = YES_ERROR;
				GCC_WARN_UNDECLARED_SELECTOR = YES;
				GCC_WARN_UNINITIALIZED_AUTOS = YES_AGGRESSIVE;
				GCC_WARN_UNUSED_FUNCTION = YES;
				GCC_WARN_UNUSED_VARIABLE = YES;
				IPHONEOS_DEPLOYMENT_TARGET = 13.4;
				MTL_ENABLE_DEBUG_INFO = INCLUDE_SOURCE;
				MTL_FAST_MATH = YES;
				ONLY_ACTIVE_ARCH = YES;
				SDKROOT = iphoneos;
				SWIFT_ACTIVE_COMPILATION_CONDITIONS = DEBUG;
				SWIFT_OPTIMIZATION_LEVEL = "-Onone";
			};
			name = Debug;
		};
		61680CD324A48DD700BAD0F0 /* Release */ = {
			isa = XCBuildConfiguration;
			buildSettings = {
				ALWAYS_SEARCH_USER_PATHS = NO;
				CLANG_ANALYZER_NONNULL = YES;
				CLANG_ANALYZER_NUMBER_OBJECT_CONVERSION = YES_AGGRESSIVE;
				CLANG_CXX_LANGUAGE_STANDARD = "gnu++14";
				CLANG_CXX_LIBRARY = "libc++";
				CLANG_ENABLE_MODULES = YES;
				CLANG_ENABLE_OBJC_ARC = YES;
				CLANG_ENABLE_OBJC_WEAK = YES;
				CLANG_WARN_BLOCK_CAPTURE_AUTORELEASING = YES;
				CLANG_WARN_BOOL_CONVERSION = YES;
				CLANG_WARN_COMMA = YES;
				CLANG_WARN_CONSTANT_CONVERSION = YES;
				CLANG_WARN_DEPRECATED_OBJC_IMPLEMENTATIONS = YES;
				CLANG_WARN_DIRECT_OBJC_ISA_USAGE = YES_ERROR;
				CLANG_WARN_DOCUMENTATION_COMMENTS = YES;
				CLANG_WARN_EMPTY_BODY = YES;
				CLANG_WARN_ENUM_CONVERSION = YES;
				CLANG_WARN_INFINITE_RECURSION = YES;
				CLANG_WARN_INT_CONVERSION = YES;
				CLANG_WARN_NON_LITERAL_NULL_CONVERSION = YES;
				CLANG_WARN_OBJC_IMPLICIT_RETAIN_SELF = YES;
				CLANG_WARN_OBJC_LITERAL_CONVERSION = YES;
				CLANG_WARN_OBJC_ROOT_CLASS = YES_ERROR;
				CLANG_WARN_RANGE_LOOP_ANALYSIS = YES;
				CLANG_WARN_STRICT_PROTOTYPES = YES;
				CLANG_WARN_SUSPICIOUS_MOVE = YES;
				CLANG_WARN_UNGUARDED_AVAILABILITY = YES_AGGRESSIVE;
				CLANG_WARN_UNREACHABLE_CODE = YES;
				CLANG_WARN__DUPLICATE_METHOD_MATCH = YES;
				COPY_PHASE_STRIP = NO;
				DEBUG_INFORMATION_FORMAT = "dwarf-with-dsym";
				ENABLE_NS_ASSERTIONS = NO;
				ENABLE_STRICT_OBJC_MSGSEND = YES;
				GCC_C_LANGUAGE_STANDARD = gnu11;
				GCC_NO_COMMON_BLOCKS = YES;
				GCC_WARN_64_TO_32_BIT_CONVERSION = YES;
				GCC_WARN_ABOUT_RETURN_TYPE = YES_ERROR;
				GCC_WARN_UNDECLARED_SELECTOR = YES;
				GCC_WARN_UNINITIALIZED_AUTOS = YES_AGGRESSIVE;
				GCC_WARN_UNUSED_FUNCTION = YES;
				GCC_WARN_UNUSED_VARIABLE = YES;
				IPHONEOS_DEPLOYMENT_TARGET = 13.4;
				MTL_ENABLE_DEBUG_INFO = NO;
				MTL_FAST_MATH = YES;
				SDKROOT = iphoneos;
				SWIFT_COMPILATION_MODE = wholemodule;
				SWIFT_OPTIMIZATION_LEVEL = "-O";
				VALIDATE_PRODUCT = YES;
			};
			name = Release;
		};
		61680CD524A48DD700BAD0F0 /* Debug */ = {
			isa = XCBuildConfiguration;
			buildSettings = {
				ASSETCATALOG_COMPILER_APPICON_NAME = AppIcon;
				CODE_SIGN_STYLE = Automatic;
				DEVELOPMENT_TEAM = JRA6VW2DG4;
				INFOPLIST_FILE = SystemLayoutSizeFittingSample/Info.plist;
				LD_RUNPATH_SEARCH_PATHS = (
					"$(inherited)",
					"@executable_path/Frameworks",
				);
				PRODUCT_BUNDLE_IDENTIFIER = dev.aoyama.SystemLayoutSizeFittingSample;
				PRODUCT_NAME = "$(TARGET_NAME)";
				SWIFT_VERSION = 5.0;
				TARGETED_DEVICE_FAMILY = "1,2";
			};
			name = Debug;
		};
		61680CD624A48DD700BAD0F0 /* Release */ = {
			isa = XCBuildConfiguration;
			buildSettings = {
				ASSETCATALOG_COMPILER_APPICON_NAME = AppIcon;
				CODE_SIGN_STYLE = Automatic;
				DEVELOPMENT_TEAM = JRA6VW2DG4;
				INFOPLIST_FILE = SystemLayoutSizeFittingSample/Info.plist;
				LD_RUNPATH_SEARCH_PATHS = (
					"$(inherited)",
					"@executable_path/Frameworks",
				);
				PRODUCT_BUNDLE_IDENTIFIER = dev.aoyama.SystemLayoutSizeFittingSample;
				PRODUCT_NAME = "$(TARGET_NAME)";
				SWIFT_VERSION = 5.0;
				TARGETED_DEVICE_FAMILY = "1,2";
			};
			name = Release;
		};
		61680CD824A48DD700BAD0F0 /* Debug */ = {
			isa = XCBuildConfiguration;
			buildSettings = {
				ALWAYS_EMBED_SWIFT_STANDARD_LIBRARIES = YES;
				BUNDLE_LOADER = "$(TEST_HOST)";
				CODE_SIGN_STYLE = Automatic;
				DEVELOPMENT_TEAM = JRA6VW2DG4;
				INFOPLIST_FILE = SystemLayoutSizeFittingSampleTests/Info.plist;
				IPHONEOS_DEPLOYMENT_TARGET = 13.4;
				LD_RUNPATH_SEARCH_PATHS = (
					"$(inherited)",
					"@executable_path/Frameworks",
					"@loader_path/Frameworks",
				);
				PRODUCT_BUNDLE_IDENTIFIER = dev.aoyama.SystemLayoutSizeFittingSampleTests;
				PRODUCT_NAME = "$(TARGET_NAME)";
				SWIFT_VERSION = 5.0;
				TARGETED_DEVICE_FAMILY = "1,2";
				TEST_HOST = "$(BUILT_PRODUCTS_DIR)/SystemLayoutSizeFittingSample.app/SystemLayoutSizeFittingSample";
			};
			name = Debug;
		};
		61680CD924A48DD700BAD0F0 /* Release */ = {
			isa = XCBuildConfiguration;
			buildSettings = {
				ALWAYS_EMBED_SWIFT_STANDARD_LIBRARIES = YES;
				BUNDLE_LOADER = "$(TEST_HOST)";
				CODE_SIGN_STYLE = Automatic;
				DEVELOPMENT_TEAM = JRA6VW2DG4;
				INFOPLIST_FILE = SystemLayoutSizeFittingSampleTests/Info.plist;
				IPHONEOS_DEPLOYMENT_TARGET = 13.4;
				LD_RUNPATH_SEARCH_PATHS = (
					"$(inherited)",
					"@executable_path/Frameworks",
					"@loader_path/Frameworks",
				);
				PRODUCT_BUNDLE_IDENTIFIER = dev.aoyama.SystemLayoutSizeFittingSampleTests;
				PRODUCT_NAME = "$(TARGET_NAME)";
				SWIFT_VERSION = 5.0;
				TARGETED_DEVICE_FAMILY = "1,2";
				TEST_HOST = "$(BUILT_PRODUCTS_DIR)/SystemLayoutSizeFittingSample.app/SystemLayoutSizeFittingSample";
			};
			name = Release;
		};
/* End XCBuildConfiguration section */

/* Begin XCConfigurationList section */
		61680CB024A48DD400BAD0F0 /* Build configuration list for PBXProject "SystemLayoutSizeFittingSample" */ = {
			isa = XCConfigurationList;
			buildConfigurations = (
				61680CD224A48DD700BAD0F0 /* Debug */,
				61680CD324A48DD700BAD0F0 /* Release */,
			);
			defaultConfigurationIsVisible = 0;
			defaultConfigurationName = Release;
		};
		61680CD424A48DD700BAD0F0 /* Build configuration list for PBXNativeTarget "SystemLayoutSizeFittingSample" */ = {
			isa = XCConfigurationList;
			buildConfigurations = (
				61680CD524A48DD700BAD0F0 /* Debug */,
				61680CD624A48DD700BAD0F0 /* Release */,
			);
			defaultConfigurationIsVisible = 0;
			defaultConfigurationName = Release;
		};
		61680CD724A48DD700BAD0F0 /* Build configuration list for PBXNativeTarget "SystemLayoutSizeFittingSampleTests" */ = {
			isa = XCConfigurationList;
			buildConfigurations = (
				61680CD824A48DD700BAD0F0 /* Debug */,
				61680CD924A48DD700BAD0F0 /* Release */,
			);
			defaultConfigurationIsVisible = 0;
			defaultConfigurationName = Release;
		};
/* End XCConfigurationList section */
	};
	rootObject = 61680CAD24A48DD400BAD0F0 /* Project object */;
}
